// !$*UTF8*$!
{
	archiveVersion = 1;
	classes = {
	};
	objectVersion = 46;
	objects = {

/* Begin PBXBuildFile section */
		F1252E1D1D1961C800BE427A /* Assets.xcassets in Resources */ = {isa = PBXBuildFile; fileRef = F1252E1C1D1961C800BE427A /* Assets.xcassets */; };
		F14DD1E21D0D4BD900EC0E07 /* Solitire.swift in Sources */ = {isa = PBXBuildFile; fileRef = F14DD1E11D0D4BD900EC0E07 /* Solitire.swift */; };
		F189CA751D096F1C002B739B /* AppDelegate.swift in Sources */ = {isa = PBXBuildFile; fileRef = F189CA741D096F1C002B739B /* AppDelegate.swift */; };
		F189CA791D096F1D002B739B /* GameScene.swift in Sources */ = {isa = PBXBuildFile; fileRef = F189CA781D096F1D002B739B /* GameScene.swift */; };
		F189CA7B1D096F1D002B739B /* GameViewController.swift in Sources */ = {isa = PBXBuildFile; fileRef = F189CA7A1D096F1D002B739B /* GameViewController.swift */; };
		F189CA7E1D096F1D002B739B /* Main.storyboard in Resources */ = {isa = PBXBuildFile; fileRef = F189CA7C1D096F1D002B739B /* Main.storyboard */; };
		F189CA831D096F1D002B739B /* LaunchScreen.storyboard in Resources */ = {isa = PBXBuildFile; fileRef = F189CA811D096F1D002B739B /* LaunchScreen.storyboard */; };
		F189CA8E1D096F1D002B739B /* KabbalTests.swift in Sources */ = {isa = PBXBuildFile; fileRef = F189CA8D1D096F1D002B739B /* KabbalTests.swift */; };
		F189CA991D096F1D002B739B /* KabbalUITests.swift in Sources */ = {isa = PBXBuildFile; fileRef = F189CA981D096F1D002B739B /* KabbalUITests.swift */; };
		F189CAA71D096FCF002B739B /* Spillkort.swift in Sources */ = {isa = PBXBuildFile; fileRef = F189CAA61D096FCF002B739B /* Spillkort.swift */; };
		F189CAA91D09A656002B739B /* Kortstokk.swift in Sources */ = {isa = PBXBuildFile; fileRef = F189CAA81D09A656002B739B /* Kortstokk.swift */; };
		F1FA15F91D18A2B400563A74 /* GameScene.sks in Resources */ = {isa = PBXBuildFile; fileRef = F1FA15F81D18A2B400563A74 /* GameScene.sks */; };
/* End PBXBuildFile section */

/* Begin PBXContainerItemProxy section */
		F189CA8A1D096F1D002B739B /* PBXContainerItemProxy */ = {
			isa = PBXContainerItemProxy;
			containerPortal = F189CA691D096F1C002B739B /* Project object */;
			proxyType = 1;
			remoteGlobalIDString = F189CA701D096F1C002B739B;
			remoteInfo = Kabbal;
		};
		F189CA951D096F1D002B739B /* PBXContainerItemProxy */ = {
			isa = PBXContainerItemProxy;
			containerPortal = F189CA691D096F1C002B739B /* Project object */;
			proxyType = 1;
			remoteGlobalIDString = F189CA701D096F1C002B739B;
			remoteInfo = Kabbal;
		};
/* End PBXContainerItemProxy section */

/* Begin PBXFileReference section */
		F1252E1C1D1961C800BE427A /* Assets.xcassets */ = {isa = PBXFileReference; lastKnownFileType = folder.assetcatalog; name = Assets.xcassets; path = Kabbal/Assets.xcassets; sourceTree = SOURCE_ROOT; };
		F14DD1E11D0D4BD900EC0E07 /* Solitire.swift */ = {isa = PBXFileReference; fileEncoding = 4; lastKnownFileType = sourcecode.swift; path = Solitire.swift; sourceTree = "<group>"; };
		F189CA711D096F1C002B739B /* Kabbal.app */ = {isa = PBXFileReference; explicitFileType = wrapper.application; includeInIndex = 0; path = Kabbal.app; sourceTree = BUILT_PRODUCTS_DIR; };
		F189CA741D096F1C002B739B /* AppDelegate.swift */ = {isa = PBXFileReference; lastKnownFileType = sourcecode.swift; path = AppDelegate.swift; sourceTree = "<group>"; };
		F189CA781D096F1D002B739B /* GameScene.swift */ = {isa = PBXFileReference; lastKnownFileType = sourcecode.swift; path = GameScene.swift; sourceTree = "<group>"; };
		F189CA7A1D096F1D002B739B /* GameViewController.swift */ = {isa = PBXFileReference; lastKnownFileType = sourcecode.swift; path = GameViewController.swift; sourceTree = "<group>"; };
		F189CA7D1D096F1D002B739B /* Base */ = {isa = PBXFileReference; lastKnownFileType = file.storyboard; name = Base; path = Base.lproj/Main.storyboard; sourceTree = "<group>"; };
		F189CA821D096F1D002B739B /* Base */ = {isa = PBXFileReference; lastKnownFileType = file.storyboard; name = Base; path = Base.lproj/LaunchScreen.storyboard; sourceTree = "<group>"; };
		F189CA841D096F1D002B739B /* Info.plist */ = {isa = PBXFileReference; lastKnownFileType = text.plist.xml; path = Info.plist; sourceTree = "<group>"; };
		F189CA891D096F1D002B739B /* KabbalTests.xctest */ = {isa = PBXFileReference; explicitFileType = wrapper.cfbundle; includeInIndex = 0; path = KabbalTests.xctest; sourceTree = BUILT_PRODUCTS_DIR; };
		F189CA8D1D096F1D002B739B /* KabbalTests.swift */ = {isa = PBXFileReference; lastKnownFileType = sourcecode.swift; path = KabbalTests.swift; sourceTree = "<group>"; };
		F189CA8F1D096F1D002B739B /* Info.plist */ = {isa = PBXFileReference; lastKnownFileType = text.plist.xml; path = Info.plist; sourceTree = "<group>"; };
		F189CA941D096F1D002B739B /* KabbalUITests.xctest */ = {isa = PBXFileReference; explicitFileType = wrapper.cfbundle; includeInIndex = 0; path = KabbalUITests.xctest; sourceTree = BUILT_PRODUCTS_DIR; };
		F189CA981D096F1D002B739B /* KabbalUITests.swift */ = {isa = PBXFileReference; lastKnownFileType = sourcecode.swift; path = KabbalUITests.swift; sourceTree = "<group>"; };
		F189CA9A1D096F1D002B739B /* Info.plist */ = {isa = PBXFileReference; lastKnownFileType = text.plist.xml; path = Info.plist; sourceTree = "<group>"; };
		F189CAA61D096FCF002B739B /* Spillkort.swift */ = {isa = PBXFileReference; explicitFileType = sourcecode.swift; fileEncoding = 4; path = Spillkort.swift; sourceTree = "<group>"; };
		F189CAA81D09A656002B739B /* Kortstokk.swift */ = {isa = PBXFileReference; fileEncoding = 4; lastKnownFileType = sourcecode.swift; name = Kortstokk.swift; path = ../Kortstokk.swift; sourceTree = "<group>"; };
		F1FA15F81D18A2B400563A74 /* GameScene.sks */ = {isa = PBXFileReference; lastKnownFileType = file.sks; path = GameScene.sks; sourceTree = "<group>"; };
/* End PBXFileReference section */

/* Begin PBXFrameworksBuildPhase section */
		F189CA6E1D096F1C002B739B /* Frameworks */ = {
			isa = PBXFrameworksBuildPhase;
			buildActionMask = 2147483647;
			files = (
			);
			runOnlyForDeploymentPostprocessing = 0;
		};
		F189CA861D096F1D002B739B /* Frameworks */ = {
			isa = PBXFrameworksBuildPhase;
			buildActionMask = 2147483647;
			files = (
			);
			runOnlyForDeploymentPostprocessing = 0;
		};
		F189CA911D096F1D002B739B /* Frameworks */ = {
			isa = PBXFrameworksBuildPhase;
			buildActionMask = 2147483647;
			files = (
			);
			runOnlyForDeploymentPostprocessing = 0;
		};
/* End PBXFrameworksBuildPhase section */

/* Begin PBXGroup section */
		F189CA681D096F1C002B739B = {
			isa = PBXGroup;
			children = (
				F189CA731D096F1C002B739B /* Kabbal */,
				F189CA8C1D096F1D002B739B /* KabbalTests */,
				F189CA971D096F1D002B739B /* KabbalUITests */,
				F189CA721D096F1C002B739B /* Products */,
			);
			sourceTree = "<group>";
		};
		F189CA721D096F1C002B739B /* Products */ = {
			isa = PBXGroup;
			children = (
				F189CA711D096F1C002B739B /* Kabbal.app */,
				F189CA891D096F1D002B739B /* KabbalTests.xctest */,
				F189CA941D096F1D002B739B /* KabbalUITests.xctest */,
			);
			name = Products;
			sourceTree = "<group>";
		};
		F189CA731D096F1C002B739B /* Kabbal */ = {
			isa = PBXGroup;
			children = (
				F189CAA81D09A656002B739B /* Kortstokk.swift */,
				F189CA781D096F1D002B739B /* GameScene.swift */,
				F14DD1E11D0D4BD900EC0E07 /* Solitire.swift */,
				F189CAA61D096FCF002B739B /* Spillkort.swift */,
				F1252E1C1D1961C800BE427A /* Assets.xcassets */,
				F189CA741D096F1C002B739B /* AppDelegate.swift */,
				F1FA15F81D18A2B400563A74 /* GameScene.sks */,
				F189CA7A1D096F1D002B739B /* GameViewController.swift */,
				F189CA7C1D096F1D002B739B /* Main.storyboard */,
				F189CA811D096F1D002B739B /* LaunchScreen.storyboard */,
				F189CA841D096F1D002B739B /* Info.plist */,
			);
			path = Kabbal;
			sourceTree = "<group>";
		};
		F189CA8C1D096F1D002B739B /* KabbalTests */ = {
			isa = PBXGroup;
			children = (
				F189CA8D1D096F1D002B739B /* KabbalTests.swift */,
				F189CA8F1D096F1D002B739B /* Info.plist */,
			);
			path = KabbalTests;
			sourceTree = "<group>";
		};
		F189CA971D096F1D002B739B /* KabbalUITests */ = {
			isa = PBXGroup;
			children = (
				F189CA981D096F1D002B739B /* KabbalUITests.swift */,
				F189CA9A1D096F1D002B739B /* Info.plist */,
			);
			path = KabbalUITests;
			sourceTree = "<group>";
		};
/* End PBXGroup section */

/* Begin PBXNativeTarget section */
		F189CA701D096F1C002B739B /* Kabbal */ = {
			isa = PBXNativeTarget;
			buildConfigurationList = F189CA9D1D096F1D002B739B /* Build configuration list for PBXNativeTarget "Kabbal" */;
			buildPhases = (
				F189CA6D1D096F1C002B739B /* Sources */,
				F189CA6E1D096F1C002B739B /* Frameworks */,
				F189CA6F1D096F1C002B739B /* Resources */,
			);
			buildRules = (
			);
			dependencies = (
			);
			name = Kabbal;
			productName = Kabbal;
			productReference = F189CA711D096F1C002B739B /* Kabbal.app */;
			productType = "com.apple.product-type.application";
		};
		F189CA881D096F1D002B739B /* KabbalTests */ = {
			isa = PBXNativeTarget;
			buildConfigurationList = F189CAA01D096F1D002B739B /* Build configuration list for PBXNativeTarget "KabbalTests" */;
			buildPhases = (
				F189CA851D096F1D002B739B /* Sources */,
				F189CA861D096F1D002B739B /* Frameworks */,
				F189CA871D096F1D002B739B /* Resources */,
			);
			buildRules = (
			);
			dependencies = (
				F189CA8B1D096F1D002B739B /* PBXTargetDependency */,
			);
			name = KabbalTests;
			productName = KabbalTests;
			productReference = F189CA891D096F1D002B739B /* KabbalTests.xctest */;
			productType = "com.apple.product-type.bundle.unit-test";
		};
		F189CA931D096F1D002B739B /* KabbalUITests */ = {
			isa = PBXNativeTarget;
			buildConfigurationList = F189CAA31D096F1D002B739B /* Build configuration list for PBXNativeTarget "KabbalUITests" */;
			buildPhases = (
				F189CA901D096F1D002B739B /* Sources */,
				F189CA911D096F1D002B739B /* Frameworks */,
				F189CA921D096F1D002B739B /* Resources */,
			);
			buildRules = (
			);
			dependencies = (
				F189CA961D096F1D002B739B /* PBXTargetDependency */,
			);
			name = KabbalUITests;
			productName = KabbalUITests;
			productReference = F189CA941D096F1D002B739B /* KabbalUITests.xctest */;
			productType = "com.apple.product-type.bundle.ui-testing";
		};
/* End PBXNativeTarget section */

/* Begin PBXProject section */
		F189CA691D096F1C002B739B /* Project object */ = {
			isa = PBXProject;
			attributes = {
				LastSwiftUpdateCheck = 0730;
				LastUpgradeCheck = 0820;
				ORGANIZATIONNAME = "Sondre Oanæs";
				TargetAttributes = {
					F189CA701D096F1C002B739B = {
						CreatedOnToolsVersion = 7.3.1;
						DevelopmentTeam = 33J6223V62;
						LastSwiftMigration = 0820;
					};
					F189CA881D096F1D002B739B = {
						CreatedOnToolsVersion = 7.3.1;
						LastSwiftMigration = 0820;
						TestTargetID = F189CA701D096F1C002B739B;
					};
					F189CA931D096F1D002B739B = {
						CreatedOnToolsVersion = 7.3.1;
						LastSwiftMigration = 0820;
						TestTargetID = F189CA701D096F1C002B739B;
					};
				};
			};
			buildConfigurationList = F189CA6C1D096F1C002B739B /* Build configuration list for PBXProject "Kabbal" */;
			compatibilityVersion = "Xcode 3.2";
			developmentRegion = English;
			hasScannedForEncodings = 0;
			knownRegions = (
				en,
				Base,
			);
			mainGroup = F189CA681D096F1C002B739B;
			productRefGroup = F189CA721D096F1C002B739B /* Products */;
			projectDirPath = "";
			projectRoot = "";
			targets = (
				F189CA701D096F1C002B739B /* Kabbal */,
				F189CA881D096F1D002B739B /* KabbalTests */,
				F189CA931D096F1D002B739B /* KabbalUITests */,
			);
		};
/* End PBXProject section */

/* Begin PBXResourcesBuildPhase section */
		F189CA6F1D096F1C002B739B /* Resources */ = {
			isa = PBXResourcesBuildPhase;
			buildActionMask = 2147483647;
			files = (
				F1FA15F91D18A2B400563A74 /* GameScene.sks in Resources */,
				F189CA831D096F1D002B739B /* LaunchScreen.storyboard in Resources */,
				F1252E1D1D1961C800BE427A /* Assets.xcassets in Resources */,
				F189CA7E1D096F1D002B739B /* Main.storyboard in Resources */,
			);
			runOnlyForDeploymentPostprocessing = 0;
		};
		F189CA871D096F1D002B739B /* Resources */ = {
			isa = PBXResourcesBuildPhase;
			buildActionMask = 2147483647;
			files = (
			);
			runOnlyForDeploymentPostprocessing = 0;
		};
		F189CA921D096F1D002B739B /* Resources */ = {
			isa = PBXResourcesBuildPhase;
			buildActionMask = 2147483647;
			files = (
			);
			runOnlyForDeploymentPostprocessing = 0;
		};
/* End PBXResourcesBuildPhase section */

/* Begin PBXSourcesBuildPhase section */
		F189CA6D1D096F1C002B739B /* Sources */ = {
			isa = PBXSourcesBuildPhase;
			buildActionMask = 2147483647;
			files = (
				F189CA791D096F1D002B739B /* GameScene.swift in Sources */,
				F14DD1E21D0D4BD900EC0E07 /* Solitire.swift in Sources */,
				F189CA7B1D096F1D002B739B /* GameViewController.swift in Sources */,
				F189CAA71D096FCF002B739B /* Spillkort.swift in Sources */,
				F189CA751D096F1C002B739B /* AppDelegate.swift in Sources */,
				F189CAA91D09A656002B739B /* Kortstokk.swift in Sources */,
			);
			runOnlyForDeploymentPostprocessing = 0;
		};
		F189CA851D096F1D002B739B /* Sources */ = {
			isa = PBXSourcesBuildPhase;
			buildActionMask = 2147483647;
			files = (
				F189CA8E1D096F1D002B739B /* KabbalTests.swift in Sources */,
			);
			runOnlyForDeploymentPostprocessing = 0;
		};
		F189CA901D096F1D002B739B /* Sources */ = {
			isa = PBXSourcesBuildPhase;
			buildActionMask = 2147483647;
			files = (
				F189CA991D096F1D002B739B /* KabbalUITests.swift in Sources */,
			);
			runOnlyForDeploymentPostprocessing = 0;
		};
/* End PBXSourcesBuildPhase section */

/* Begin PBXTargetDependency section */
		F189CA8B1D096F1D002B739B /* PBXTargetDependency */ = {
			isa = PBXTargetDependency;
			target = F189CA701D096F1C002B739B /* Kabbal */;
			targetProxy = F189CA8A1D096F1D002B739B /* PBXContainerItemProxy */;
		};
		F189CA961D096F1D002B739B /* PBXTargetDependency */ = {
			isa = PBXTargetDependency;
			target = F189CA701D096F1C002B739B /* Kabbal */;
			targetProxy = F189CA951D096F1D002B739B /* PBXContainerItemProxy */;
		};
/* End PBXTargetDependency section */

/* Begin PBXVariantGroup section */
		F189CA7C1D096F1D002B739B /* Main.storyboard */ = {
			isa = PBXVariantGroup;
			children = (
				F189CA7D1D096F1D002B739B /* Base */,
			);
			name = Main.storyboard;
			sourceTree = "<group>";
		};
		F189CA811D096F1D002B739B /* LaunchScreen.storyboard */ = {
			isa = PBXVariantGroup;
			children = (
				F189CA821D096F1D002B739B /* Base */,
			);
			name = LaunchScreen.storyboard;
			sourceTree = "<group>";
		};
/* End PBXVariantGroup section */

/* Begin XCBuildConfiguration section */
		F189CA9B1D096F1D002B739B /* Debug */ = {
			isa = XCBuildConfiguration;
			buildSettings = {
				ALWAYS_SEARCH_USER_PATHS = NO;
				CLANG_ANALYZER_NONNULL = YES;
				CLANG_CXX_LANGUAGE_STANDARD = "gnu++0x";
				CLANG_CXX_LIBRARY = "libc++";
				CLANG_ENABLE_MODULES = YES;
				CLANG_ENABLE_OBJC_ARC = YES;
				CLANG_WARN_BOOL_CONVERSION = YES;
				CLANG_WARN_CONSTANT_CONVERSION = YES;
				CLANG_WARN_DIRECT_OBJC_ISA_USAGE = YES_ERROR;
				CLANG_WARN_EMPTY_BODY = YES;
				CLANG_WARN_ENUM_CONVERSION = YES;
				CLANG_WARN_INFINITE_RECURSION = YES;
				CLANG_WARN_INT_CONVERSION = YES;
				CLANG_WARN_OBJC_ROOT_CLASS = YES_ERROR;
				CLANG_WARN_SUSPICIOUS_MOVE = YES;
				CLANG_WARN_UNREACHABLE_CODE = YES;
				CLANG_WARN__DUPLICATE_METHOD_MATCH = YES;
				"CODE_SIGN_IDENTITY[sdk=iphoneos*]" = "iPhone Developer";
				COPY_PHASE_STRIP = NO;
				DEBUG_INFORMATION_FORMAT = "dwarf-with-dsym";
				ENABLE_STRICT_OBJC_MSGSEND = YES;
				ENABLE_TESTABILITY = YES;
				GCC_C_LANGUAGE_STANDARD = gnu99;
				GCC_DYNAMIC_NO_PIC = NO;
				GCC_NO_COMMON_BLOCKS = YES;
				GCC_OPTIMIZATION_LEVEL = 0;
				GCC_PREPROCESSOR_DEFINITIONS = (
					"DEBUG=1",
					"$(inherited)",
				);
				GCC_WARN_64_TO_32_BIT_CONVERSION = YES;
				GCC_WARN_ABOUT_RETURN_TYPE = YES_ERROR;
				GCC_WARN_UNDECLARED_SELECTOR = YES;
				GCC_WARN_UNINITIALIZED_AUTOS = YES_AGGRESSIVE;
				GCC_WARN_UNUSED_FUNCTION = YES;
				GCC_WARN_UNUSED_VARIABLE = YES;
				IPHONEOS_DEPLOYMENT_TARGET = 10.2;
				MTL_ENABLE_DEBUG_INFO = YES;
				ONLY_ACTIVE_ARCH = YES;
				SDKROOT = iphoneos;
				SWIFT_OPTIMIZATION_LEVEL = "-Onone";
			};
			name = Debug;
		};
		F189CA9C1D096F1D002B739B /* Release */ = {
			isa = XCBuildConfiguration;
			buildSettings = {
				ALWAYS_SEARCH_USER_PATHS = NO;
				CLANG_ANALYZER_NONNULL = YES;
				CLANG_CXX_LANGUAGE_STANDARD = "gnu++0x";
				CLANG_CXX_LIBRARY = "libc++";
				CLANG_ENABLE_MODULES = YES;
				CLANG_ENABLE_OBJC_ARC = YES;
				CLANG_WARN_BOOL_CONVERSION = YES;
				CLANG_WARN_CONSTANT_CONVERSION = YES;
				CLANG_WARN_DIRECT_OBJC_ISA_USAGE = YES_ERROR;
				CLANG_WARN_EMPTY_BODY = YES;
				CLANG_WARN_ENUM_CONVERSION = YES;
				CLANG_WARN_INFINITE_RECURSION = YES;
				CLANG_WARN_INT_CONVERSION = YES;
				CLANG_WARN_OBJC_ROOT_CLASS = YES_ERROR;
				CLANG_WARN_SUSPICIOUS_MOVE = YES;
				CLANG_WARN_UNREACHABLE_CODE = YES;
				CLANG_WARN__DUPLICATE_METHOD_MATCH = YES;
				"CODE_SIGN_IDENTITY[sdk=iphoneos*]" = "iPhone Developer";
				COPY_PHASE_STRIP = NO;
				DEBUG_INFORMATION_FORMAT = "dwarf-with-dsym";
				ENABLE_NS_ASSERTIONS = NO;
				ENABLE_STRICT_OBJC_MSGSEND = YES;
				GCC_C_LANGUAGE_STANDARD = gnu99;
				GCC_NO_COMMON_BLOCKS = YES;
				GCC_WARN_64_TO_32_BIT_CONVERSION = YES;
				GCC_WARN_ABOUT_RETURN_TYPE = YES_ERROR;
				GCC_WARN_UNDECLARED_SELECTOR = YES;
				GCC_WARN_UNINITIALIZED_AUTOS = YES_AGGRESSIVE;
				GCC_WARN_UNUSED_FUNCTION = YES;
				GCC_WARN_UNUSED_VARIABLE = YES;
				IPHONEOS_DEPLOYMENT_TARGET = 10.2;
				MTL_ENABLE_DEBUG_INFO = NO;
				SDKROOT = iphoneos;
				SWIFT_OPTIMIZATION_LEVEL = "-Owholemodule";
				VALIDATE_PRODUCT = YES;
			};
			name = Release;
		};
		F189CA9E1D096F1D002B739B /* Debug */ = {
			isa = XCBuildConfiguration;
			buildSettings = {
				ASSETCATALOG_COMPILER_APPICON_NAME = AppIcon;
				CODE_SIGN_IDENTITY = "iPhone Developer";
				"CODE_SIGN_IDENTITY[sdk=iphoneos*]" = "iPhone Developer";
				INFOPLIST_FILE = Kabbal/Info.plist;
				LD_RUNPATH_SEARCH_PATHS = "$(inherited) @executable_path/Frameworks";
				PRODUCT_BUNDLE_IDENTIFIER = sonderoanas.Kabbal;
				PRODUCT_NAME = "$(TARGET_NAME)";
				PROVISIONING_PROFILE = "";
				SWIFT_VERSION = 3.0;
			};
			name = Debug;
		};
		F189CA9F1D096F1D002B739B /* Release */ = {
			isa = XCBuildConfiguration;
			buildSettings = {
				ASSETCATALOG_COMPILER_APPICON_NAME = AppIcon;
				CODE_SIGN_IDENTITY = "iPhone Developer";
				"CODE_SIGN_IDENTITY[sdk=iphoneos*]" = "iPhone Developer";
				INFOPLIST_FILE = Kabbal/Info.plist;
				LD_RUNPATH_SEARCH_PATHS = "$(inherited) @executable_path/Frameworks";
				PRODUCT_BUNDLE_IDENTIFIER = sonderoanas.Kabbal;
				PRODUCT_NAME = "$(TARGET_NAME)";
				PROVISIONING_PROFILE = "";
				SWIFT_VERSION = 3.0;
			};
			name = Release;
		};
		F189CAA11D096F1D002B739B /* Debug */ = {
			isa = XCBuildConfiguration;
			buildSettings = {
				BUNDLE_LOADER = "$(TEST_HOST)";
				DEBUG_INFORMATION_FORMAT = dwarf;
				INFOPLIST_FILE = KabbalTests/Info.plist;
				LD_RUNPATH_SEARCH_PATHS = "$(inherited) @executable_path/Frameworks @loader_path/Frameworks";
				PRODUCT_BUNDLE_IDENTIFIER = sonderoanas.KabbalTests;
				PRODUCT_NAME = "$(TARGET_NAME)";
				SWIFT_VERSION = 3.0;
				TEST_HOST = "$(BUILT_PRODUCTS_DIR)/Kabbal.app/Kabbal";
			};
			name = Debug;
		};
		F189CAA21D096F1D002B739B /* Release */ = {
			isa = XCBuildConfiguration;
			buildSettings = {
				BUNDLE_LOADER = "$(TEST_HOST)";
				INFOPLIST_FILE = KabbalTests/Info.plist;
				LD_RUNPATH_SEARCH_PATHS = "$(inherited) @executable_path/Frameworks @loader_path/Frameworks";
				PRODUCT_BUNDLE_IDENTIFIER = sonderoanas.KabbalTests;
				PRODUCT_NAME = "$(TARGET_NAME)";
				SWIFT_VERSION = 3.0;
				TEST_HOST = "$(BUILT_PRODUCTS_DIR)/Kabbal.app/Kabbal";
			};
			name = Release;
		};
		F189CAA41D096F1D002B739B /* Debug */ = {
			isa = XCBuildConfiguration;
			buildSettings = {
				DEBUG_INFORMATION_FORMAT = dwarf;
				INFOPLIST_FILE = KabbalUITests/Info.plist;
				LD_RUNPATH_SEARCH_PATHS = "$(inherited) @executable_path/Frameworks @loader_path/Frameworks";
				PRODUCT_BUNDLE_IDENTIFIER = sonderoanas.KabbalUITests;
				PRODUCT_NAME = "$(TARGET_NAME)";
				SWIFT_VERSION = 3.0;
				TEST_TARGET_NAME = Kabbal;
			};
			name = Debug;
		};
		F189CAA51D096F1D002B739B /* Release */ = {
			isa = XCBuildConfiguration;
			buildSettings = {
				INFOPLIST_FILE = KabbalUITests/Info.plist;
				LD_RUNPATH_SEARCH_PATHS = "$(inherited) @executable_path/Frameworks @loader_path/Frameworks";
				PRODUCT_BUNDLE_IDENTIFIER = sonderoanas.KabbalUITests;
				PRODUCT_NAME = "$(TARGET_NAME)";
				SWIFT_VERSION = 3.0;
				TEST_TARGET_NAME = Kabbal;
			};
			name = Release;
		};
/* End XCBuildConfiguration section */

/* Begin XCConfigurationList section */
		F189CA6C1D096F1C002B739B /* Build configuration list for PBXProject "Kabbal" */ = {
			isa = XCConfigurationList;
			buildConfigurations = (
				F189CA9B1D096F1D002B739B /* Debug */,
				F189CA9C1D096F1D002B739B /* Release */,
			);
			defaultConfigurationIsVisible = 0;
			defaultConfigurationName = Release;
		};
		F189CA9D1D096F1D002B739B /* Build configuration list for PBXNativeTarget "Kabbal" */ = {
			isa = XCConfigurationList;
			buildConfigurations = (
				F189CA9E1D096F1D002B739B /* Debug */,
				F189CA9F1D096F1D002B739B /* Release */,
			);
			defaultConfigurationIsVisible = 0;
			defaultConfigurationName = Release;
		};
		F189CAA01D096F1D002B739B /* Build configuration list for PBXNativeTarget "KabbalTests" */ = {
			isa = XCConfigurationList;
			buildConfigurations = (
				F189CAA11D096F1D002B739B /* Debug */,
				F189CAA21D096F1D002B739B /* Release */,
			);
			defaultConfigurationIsVisible = 0;
			defaultConfigurationName = Release;
		};
		F189CAA31D096F1D002B739B /* Build configuration list for PBXNativeTarget "KabbalUITests" */ = {
			isa = XCConfigurationList;
			buildConfigurations = (
				F189CAA41D096F1D002B739B /* Debug */,
				F189CAA51D096F1D002B739B /* Release */,
			);
			defaultConfigurationIsVisible = 0;
			defaultConfigurationName = Release;
		};
/* End XCConfigurationList section */
	};
	rootObject = F189CA691D096F1C002B739B /* Project object */;
}
